// !$*UTF8*$!
{
	archiveVersion = 1;
	classes = {
	};
	objectVersion = 50;
	objects = {

/* Begin PBXBuildFile section */
		4947ACA925D071C700E6B44A /* AppDelegate.swift in Sources */ = {isa = PBXBuildFile; fileRef = 4947ACA825D071C700E6B44A /* AppDelegate.swift */; };
		4947ACAB25D071C700E6B44A /* SceneDelegate.swift in Sources */ = {isa = PBXBuildFile; fileRef = 4947ACAA25D071C700E6B44A /* SceneDelegate.swift */; };
		4947ACAD25D071C700E6B44A /* ViewController.swift in Sources */ = {isa = PBXBuildFile; fileRef = 4947ACAC25D071C700E6B44A /* ViewController.swift */; };
		4947ACB025D071C700E6B44A /* Main.storyboard in Resources */ = {isa = PBXBuildFile; fileRef = 4947ACAE25D071C700E6B44A /* Main.storyboard */; };
		4947ACB225D071CA00E6B44A /* Assets.xcassets in Resources */ = {isa = PBXBuildFile; fileRef = 4947ACB125D071CA00E6B44A /* Assets.xcassets */; };
		4947ACB525D071CA00E6B44A /* LaunchScreen.storyboard in Resources */ = {isa = PBXBuildFile; fileRef = 4947ACB325D071CA00E6B44A /* LaunchScreen.storyboard */; };
		4947ACC025D071CA00E6B44A /* FlixTests.swift in Sources */ = {isa = PBXBuildFile; fileRef = 4947ACBF25D071CA00E6B44A /* FlixTests.swift */; };
		4947ACCB25D071CA00E6B44A /* FlixUITests.swift in Sources */ = {isa = PBXBuildFile; fileRef = 4947ACCA25D071CA00E6B44A /* FlixUITests.swift */; };
/* End PBXBuildFile section */

/* Begin PBXContainerItemProxy section */
		4947ACBC25D071CA00E6B44A /* PBXContainerItemProxy */ = {
			isa = PBXContainerItemProxy;
			containerPortal = 4947AC9D25D071C700E6B44A /* Project object */;
			proxyType = 1;
			remoteGlobalIDString = 4947ACA425D071C700E6B44A;
			remoteInfo = Flix;
		};
		4947ACC725D071CA00E6B44A /* PBXContainerItemProxy */ = {
			isa = PBXContainerItemProxy;
			containerPortal = 4947AC9D25D071C700E6B44A /* Project object */;
			proxyType = 1;
			remoteGlobalIDString = 4947ACA425D071C700E6B44A;
			remoteInfo = Flix;
		};
/* End PBXContainerItemProxy section */

/* Begin PBXFileReference section */
		4947ACA525D071C700E6B44A /* Flix.app */ = {isa = PBXFileReference; explicitFileType = wrapper.application; includeInIndex = 0; path = Flix.app; sourceTree = BUILT_PRODUCTS_DIR; };
		4947ACA825D071C700E6B44A /* AppDelegate.swift */ = {isa = PBXFileReference; lastKnownFileType = sourcecode.swift; path = AppDelegate.swift; sourceTree = "<group>"; };
		4947ACAA25D071C700E6B44A /* SceneDelegate.swift */ = {isa = PBXFileReference; lastKnownFileType = sourcecode.swift; path = SceneDelegate.swift; sourceTree = "<group>"; };
		4947ACAC25D071C700E6B44A /* ViewController.swift */ = {isa = PBXFileReference; lastKnownFileType = sourcecode.swift; path = ViewController.swift; sourceTree = "<group>"; };
		4947ACAF25D071C700E6B44A /* Base */ = {isa = PBXFileReference; lastKnownFileType = file.storyboard; name = Base; path = Base.lproj/Main.storyboard; sourceTree = "<group>"; };
		4947ACB125D071CA00E6B44A /* Assets.xcassets */ = {isa = PBXFileReference; lastKnownFileType = folder.assetcatalog; path = Assets.xcassets; sourceTree = "<group>"; };
		4947ACB425D071CA00E6B44A /* Base */ = {isa = PBXFileReference; lastKnownFileType = file.storyboard; name = Base; path = Base.lproj/LaunchScreen.storyboard; sourceTree = "<group>"; };
		4947ACB625D071CA00E6B44A /* Info.plist */ = {isa = PBXFileReference; lastKnownFileType = text.plist.xml; path = Info.plist; sourceTree = "<group>"; };
		4947ACBB25D071CA00E6B44A /* FlixTests.xctest */ = {isa = PBXFileReference; explicitFileType = wrapper.cfbundle; includeInIndex = 0; path = FlixTests.xctest; sourceTree = BUILT_PRODUCTS_DIR; };
		4947ACBF25D071CA00E6B44A /* FlixTests.swift */ = {isa = PBXFileReference; lastKnownFileType = sourcecode.swift; path = FlixTests.swift; sourceTree = "<group>"; };
		4947ACC125D071CA00E6B44A /* Info.plist */ = {isa = PBXFileReference; lastKnownFileType = text.plist.xml; path = Info.plist; sourceTree = "<group>"; };
		4947ACC625D071CA00E6B44A /* FlixUITests.xctest */ = {isa = PBXFileReference; explicitFileType = wrapper.cfbundle; includeInIndex = 0; path = FlixUITests.xctest; sourceTree = BUILT_PRODUCTS_DIR; };
		4947ACCA25D071CA00E6B44A /* FlixUITests.swift */ = {isa = PBXFileReference; lastKnownFileType = sourcecode.swift; path = FlixUITests.swift; sourceTree = "<group>"; };
		4947ACCC25D071CA00E6B44A /* Info.plist */ = {isa = PBXFileReference; lastKnownFileType = text.plist.xml; path = Info.plist; sourceTree = "<group>"; };
/* End PBXFileReference section */

/* Begin PBXFrameworksBuildPhase section */
		4947ACA225D071C700E6B44A /* Frameworks */ = {
			isa = PBXFrameworksBuildPhase;
			buildActionMask = 2147483647;
			files = (
			);
			runOnlyForDeploymentPostprocessing = 0;
		};
		4947ACB825D071CA00E6B44A /* Frameworks */ = {
			isa = PBXFrameworksBuildPhase;
			buildActionMask = 2147483647;
			files = (
			);
			runOnlyForDeploymentPostprocessing = 0;
		};
		4947ACC325D071CA00E6B44A /* Frameworks */ = {
			isa = PBXFrameworksBuildPhase;
			buildActionMask = 2147483647;
			files = (
			);
			runOnlyForDeploymentPostprocessing = 0;
		};
/* End PBXFrameworksBuildPhase section */

/* Begin PBXGroup section */
		4947AC9C25D071C700E6B44A = {
			isa = PBXGroup;
			children = (
				4947ACA725D071C700E6B44A /* Flix */,
				4947ACBE25D071CA00E6B44A /* FlixTests */,
				4947ACC925D071CA00E6B44A /* FlixUITests */,
				4947ACA625D071C700E6B44A /* Products */,
			);
			sourceTree = "<group>";
		};
		4947ACA625D071C700E6B44A /* Products */ = {
			isa = PBXGroup;
			children = (
				4947ACA525D071C700E6B44A /* Flix.app */,
				4947ACBB25D071CA00E6B44A /* FlixTests.xctest */,
				4947ACC625D071CA00E6B44A /* FlixUITests.xctest */,
			);
			name = Products;
			sourceTree = "<group>";
		};
		4947ACA725D071C700E6B44A /* Flix */ = {
			isa = PBXGroup;
			children = (
				4947ACA825D071C700E6B44A /* AppDelegate.swift */,
				4947ACAA25D071C700E6B44A /* SceneDelegate.swift */,
				4947ACAC25D071C700E6B44A /* ViewController.swift */,
				4947ACAE25D071C700E6B44A /* Main.storyboard */,
				4947ACB125D071CA00E6B44A /* Assets.xcassets */,
				4947ACB325D071CA00E6B44A /* LaunchScreen.storyboard */,
				4947ACB625D071CA00E6B44A /* Info.plist */,
			);
			path = Flix;
			sourceTree = "<group>";
		};
		4947ACBE25D071CA00E6B44A /* FlixTests */ = {
			isa = PBXGroup;
			children = (
				4947ACBF25D071CA00E6B44A /* FlixTests.swift */,
				4947ACC125D071CA00E6B44A /* Info.plist */,
			);
			path = FlixTests;
			sourceTree = "<group>";
		};
		4947ACC925D071CA00E6B44A /* FlixUITests */ = {
			isa = PBXGroup;
			children = (
				4947ACCA25D071CA00E6B44A /* FlixUITests.swift */,
				4947ACCC25D071CA00E6B44A /* Info.plist */,
			);
			path = FlixUITests;
			sourceTree = "<group>";
		};
/* End PBXGroup section */

/* Begin PBXNativeTarget section */
		4947ACA425D071C700E6B44A /* Flix */ = {
			isa = PBXNativeTarget;
			buildConfigurationList = 4947ACCF25D071CA00E6B44A /* Build configuration list for PBXNativeTarget "Flix" */;
			buildPhases = (
				4947ACA125D071C700E6B44A /* Sources */,
				4947ACA225D071C700E6B44A /* Frameworks */,
				4947ACA325D071C700E6B44A /* Resources */,
			);
			buildRules = (
			);
			dependencies = (
			);
			name = Flix;
			productName = Flix;
			productReference = 4947ACA525D071C700E6B44A /* Flix.app */;
			productType = "com.apple.product-type.application";
		};
		4947ACBA25D071CA00E6B44A /* FlixTests */ = {
			isa = PBXNativeTarget;
			buildConfigurationList = 4947ACD225D071CA00E6B44A /* Build configuration list for PBXNativeTarget "FlixTests" */;
			buildPhases = (
				4947ACB725D071CA00E6B44A /* Sources */,
				4947ACB825D071CA00E6B44A /* Frameworks */,
				4947ACB925D071CA00E6B44A /* Resources */,
			);
			buildRules = (
			);
			dependencies = (
				4947ACBD25D071CA00E6B44A /* PBXTargetDependency */,
			);
			name = FlixTests;
			productName = FlixTests;
			productReference = 4947ACBB25D071CA00E6B44A /* FlixTests.xctest */;
			productType = "com.apple.product-type.bundle.unit-test";
		};
		4947ACC525D071CA00E6B44A /* FlixUITests */ = {
			isa = PBXNativeTarget;
			buildConfigurationList = 4947ACD525D071CA00E6B44A /* Build configuration list for PBXNativeTarget "FlixUITests" */;
			buildPhases = (
				4947ACC225D071CA00E6B44A /* Sources */,
				4947ACC325D071CA00E6B44A /* Frameworks */,
				4947ACC425D071CA00E6B44A /* Resources */,
			);
			buildRules = (
			);
			dependencies = (
				4947ACC825D071CA00E6B44A /* PBXTargetDependency */,
			);
			name = FlixUITests;
			productName = FlixUITests;
			productReference = 4947ACC625D071CA00E6B44A /* FlixUITests.xctest */;
			productType = "com.apple.product-type.bundle.ui-testing";
		};
/* End PBXNativeTarget section */

/* Begin PBXProject section */
		4947AC9D25D071C700E6B44A /* Project object */ = {
			isa = PBXProject;
			attributes = {
				LastSwiftUpdateCheck = 1210;
				LastUpgradeCheck = 1210;
				TargetAttributes = {
					4947ACA425D071C700E6B44A = {
						CreatedOnToolsVersion = 12.1;
					};
					4947ACBA25D071CA00E6B44A = {
						CreatedOnToolsVersion = 12.1;
						TestTargetID = 4947ACA425D071C700E6B44A;
					};
					4947ACC525D071CA00E6B44A = {
						CreatedOnToolsVersion = 12.1;
						TestTargetID = 4947ACA425D071C700E6B44A;
					};
				};
			};
			buildConfigurationList = 4947ACA025D071C700E6B44A /* Build configuration list for PBXProject "Flix" */;
			compatibilityVersion = "Xcode 9.3";
			developmentRegion = en;
			hasScannedForEncodings = 0;
			knownRegions = (
				en,
				Base,
			);
			mainGroup = 4947AC9C25D071C700E6B44A;
			productRefGroup = 4947ACA625D071C700E6B44A /* Products */;
			projectDirPath = "";
			projectRoot = "";
			targets = (
				4947ACA425D071C700E6B44A /* Flix */,
				4947ACBA25D071CA00E6B44A /* FlixTests */,
				4947ACC525D071CA00E6B44A /* FlixUITests */,
			);
		};
/* End PBXProject section */

/* Begin PBXResourcesBuildPhase section */
		4947ACA325D071C700E6B44A /* Resources */ = {
			isa = PBXResourcesBuildPhase;
			buildActionMask = 2147483647;
			files = (
				4947ACB525D071CA00E6B44A /* LaunchScreen.storyboard in Resources */,
				4947ACB225D071CA00E6B44A /* Assets.xcassets in Resources */,
				4947ACB025D071C700E6B44A /* Main.storyboard in Resources */,
			);
			runOnlyForDeploymentPostprocessing = 0;
		};
		4947ACB925D071CA00E6B44A /* Resources */ = {
			isa = PBXResourcesBuildPhase;
			buildActionMask = 2147483647;
			files = (
			);
			runOnlyForDeploymentPostprocessing = 0;
		};
		4947ACC425D071CA00E6B44A /* Resources */ = {
			isa = PBXResourcesBuildPhase;
			buildActionMask = 2147483647;
			files = (
			);
			runOnlyForDeploymentPostprocessing = 0;
		};
/* End PBXResourcesBuildPhase section */

/* Begin PBXSourcesBuildPhase section */
		4947ACA125D071C700E6B44A /* Sources */ = {
			isa = PBXSourcesBuildPhase;
			buildActionMask = 2147483647;
			files = (
				4947ACAD25D071C700E6B44A /* ViewController.swift in Sources */,
				4947ACA925D071C700E6B44A /* AppDelegate.swift in Sources */,
				4947ACAB25D071C700E6B44A /* SceneDelegate.swift in Sources */,
			);
			runOnlyForDeploymentPostprocessing = 0;
		};
		4947ACB725D071CA00E6B44A /* Sources */ = {
			isa = PBXSourcesBuildPhase;
			buildActionMask = 2147483647;
			files = (
				4947ACC025D071CA00E6B44A /* FlixTests.swift in Sources */,
			);
			runOnlyForDeploymentPostprocessing = 0;
		};
		4947ACC225D071CA00E6B44A /* Sources */ = {
			isa = PBXSourcesBuildPhase;
			buildActionMask = 2147483647;
			files = (
				4947ACCB25D071CA00E6B44A /* FlixUITests.swift in Sources */,
			);
			runOnlyForDeploymentPostprocessing = 0;
		};
/* End PBXSourcesBuildPhase section */

/* Begin PBXTargetDependency section */
		4947ACBD25D071CA00E6B44A /* PBXTargetDependency */ = {
			isa = PBXTargetDependency;
			target = 4947ACA425D071C700E6B44A /* Flix */;
			targetProxy = 4947ACBC25D071CA00E6B44A /* PBXContainerItemProxy */;
		};
		4947ACC825D071CA00E6B44A /* PBXTargetDependency */ = {
			isa = PBXTargetDependency;
			target = 4947ACA425D071C700E6B44A /* Flix */;
			targetProxy = 4947ACC725D071CA00E6B44A /* PBXContainerItemProxy */;
		};
/* End PBXTargetDependency section */

/* Begin PBXVariantGroup section */
		4947ACAE25D071C700E6B44A /* Main.storyboard */ = {
			isa = PBXVariantGroup;
			children = (
				4947ACAF25D071C700E6B44A /* Base */,
			);
			name = Main.storyboard;
			sourceTree = "<group>";
		};
		4947ACB325D071CA00E6B44A /* LaunchScreen.storyboard */ = {
			isa = PBXVariantGroup;
			children = (
				4947ACB425D071CA00E6B44A /* Base */,
			);
			name = LaunchScreen.storyboard;
			sourceTree = "<group>";
		};
/* End PBXVariantGroup section */

/* Begin XCBuildConfiguration section */
		4947ACCD25D071CA00E6B44A /* Debug */ = {
			isa = XCBuildConfiguration;
			buildSettings = {
				ALWAYS_SEARCH_USER_PATHS = NO;
				CLANG_ANALYZER_NONNULL = YES;
				CLANG_ANALYZER_NUMBER_OBJECT_CONVERSION = YES_AGGRESSIVE;
				CLANG_CXX_LANGUAGE_STANDARD = "gnu++14";
				CLANG_CXX_LIBRARY = "libc++";
				CLANG_ENABLE_MODULES = YES;
				CLANG_ENABLE_OBJC_ARC = YES;
				CLANG_ENABLE_OBJC_WEAK = YES;
				CLANG_WARN_BLOCK_CAPTURE_AUTORELEASING = YES;
				CLANG_WARN_BOOL_CONVERSION = YES;
				CLANG_WARN_COMMA = YES;
				CLANG_WARN_CONSTANT_CONVERSION = YES;
				CLANG_WARN_DEPRECATED_OBJC_IMPLEMENTATIONS = YES;
				CLANG_WARN_DIRECT_OBJC_ISA_USAGE = YES_ERROR;
				CLANG_WARN_DOCUMENTATION_COMMENTS = YES;
				CLANG_WARN_EMPTY_BODY = YES;
				CLANG_WARN_ENUM_CONVERSION = YES;
				CLANG_WARN_INFINITE_RECURSION = YES;
				CLANG_WARN_INT_CONVERSION = YES;
				CLANG_WARN_NON_LITERAL_NULL_CONVERSION = YES;
				CLANG_WARN_OBJC_IMPLICIT_RETAIN_SELF = YES;
				CLANG_WARN_OBJC_LITERAL_CONVERSION = YES;
				CLANG_WARN_OBJC_ROOT_CLASS = YES_ERROR;
				CLANG_WARN_QUOTED_INCLUDE_IN_FRAMEWORK_HEADER = YES;
				CLANG_WARN_RANGE_LOOP_ANALYSIS = YES;
				CLANG_WARN_STRICT_PROTOTYPES = YES;
				CLANG_WARN_SUSPICIOUS_MOVE = YES;
				CLANG_WARN_UNGUARDED_AVAILABILITY = YES_AGGRESSIVE;
				CLANG_WARN_UNREACHABLE_CODE = YES;
				CLANG_WARN__DUPLICATE_METHOD_MATCH = YES;
				COPY_PHASE_STRIP = NO;
				DEBUG_INFORMATION_FORMAT = dwarf;
				ENABLE_STRICT_OBJC_MSGSEND = YES;
				ENABLE_TESTABILITY = YES;
				GCC_C_LANGUAGE_STANDARD = gnu11;
				GCC_DYNAMIC_NO_PIC = NO;
				GCC_NO_COMMON_BLOCKS = YES;
				GCC_OPTIMIZATION_LEVEL = 0;
				GCC_PREPROCESSOR_DEFINITIONS = (
					"DEBUG=1",
					"$(inherited)",
				);
				GCC_WARN_64_TO_32_BIT_CONVERSION = YES;
				GCC_WARN_ABOUT_RETURN_TYPE = YES_ERROR;
				GCC_WARN_UNDECLARED_SELECTOR = YES;
				GCC_WARN_UNINITIALIZED_AUTOS = YES_AGGRESSIVE;
				GCC_WARN_UNUSED_FUNCTION = YES;
				GCC_WARN_UNUSED_VARIABLE = YES;
				IPHONEOS_DEPLOYMENT_TARGET = 14.1;
				MTL_ENABLE_DEBUG_INFO = INCLUDE_SOURCE;
				MTL_FAST_MATH = YES;
				ONLY_ACTIVE_ARCH = YES;
				SDKROOT = iphoneos;
				SWIFT_ACTIVE_COMPILATION_CONDITIONS = DEBUG;
				SWIFT_OPTIMIZATION_LEVEL = "-Onone";
			};
			name = Debug;
		};
		4947ACCE25D071CA00E6B44A /* Release */ = {
			isa = XCBuildConfiguration;
			buildSettings = {
				ALWAYS_SEARCH_USER_PATHS = NO;
				CLANG_ANALYZER_NONNULL = YES;
				CLANG_ANALYZER_NUMBER_OBJECT_CONVERSION = YES_AGGRESSIVE;
				CLANG_CXX_LANGUAGE_STANDARD = "gnu++14";
				CLANG_CXX_LIBRARY = "libc++";
				CLANG_ENABLE_MODULES = YES;
				CLANG_ENABLE_OBJC_ARC = YES;
				CLANG_ENABLE_OBJC_WEAK = YES;
				CLANG_WARN_BLOCK_CAPTURE_AUTORELEASING = YES;
				CLANG_WARN_BOOL_CONVERSION = YES;
				CLANG_WARN_COMMA = YES;
				CLANG_WARN_CONSTANT_CONVERSION = YES;
				CLANG_WARN_DEPRECATED_OBJC_IMPLEMENTATIONS = YES;
				CLANG_WARN_DIRECT_OBJC_ISA_USAGE = YES_ERROR;
				CLANG_WARN_DOCUMENTATION_COMMENTS = YES;
				CLANG_WARN_EMPTY_BODY = YES;
				CLANG_WARN_ENUM_CONVERSION = YES;
				CLANG_WARN_INFINITE_RECURSION = YES;
				CLANG_WARN_INT_CONVERSION = YES;
				CLANG_WARN_NON_LITERAL_NULL_CONVERSION = YES;
				CLANG_WARN_OBJC_IMPLICIT_RETAIN_SELF = YES;
				CLANG_WARN_OBJC_LITERAL_CONVERSION = YES;
				CLANG_WARN_OBJC_ROOT_CLASS = YES_ERROR;
				CLANG_WARN_QUOTED_INCLUDE_IN_FRAMEWORK_HEADER = YES;
				CLANG_WARN_RANGE_LOOP_ANALYSIS = YES;
				CLANG_WARN_STRICT_PROTOTYPES = YES;
				CLANG_WARN_SUSPICIOUS_MOVE = YES;
				CLANG_WARN_UNGUARDED_AVAILABILITY = YES_AGGRESSIVE;
				CLANG_WARN_UNREACHABLE_CODE = YES;
				CLANG_WARN__DUPLICATE_METHOD_MATCH = YES;
				COPY_PHASE_STRIP = NO;
				DEBUG_INFORMATION_FORMAT = "dwarf-with-dsym";
				ENABLE_NS_ASSERTIONS = NO;
				ENABLE_STRICT_OBJC_MSGSEND = YES;
				GCC_C_LANGUAGE_STANDARD = gnu11;
				GCC_NO_COMMON_BLOCKS = YES;
				GCC_WARN_64_TO_32_BIT_CONVERSION = YES;
				GCC_WARN_ABOUT_RETURN_TYPE = YES_ERROR;
				GCC_WARN_UNDECLARED_SELECTOR = YES;
				GCC_WARN_UNINITIALIZED_AUTOS = YES_AGGRESSIVE;
				GCC_WARN_UNUSED_FUNCTION = YES;
				GCC_WARN_UNUSED_VARIABLE = YES;
				IPHONEOS_DEPLOYMENT_TARGET = 14.1;
				MTL_ENABLE_DEBUG_INFO = NO;
				MTL_FAST_MATH = YES;
				SDKROOT = iphoneos;
				SWIFT_COMPILATION_MODE = wholemodule;
				SWIFT_OPTIMIZATION_LEVEL = "-O";
				VALIDATE_PRODUCT = YES;
			};
			name = Release;
		};
		4947ACD025D071CA00E6B44A /* Debug */ = {
			isa = XCBuildConfiguration;
			buildSettings = {
				ASSETCATALOG_COMPILER_APPICON_NAME = AppIcon;
				ASSETCATALOG_COMPILER_GLOBAL_ACCENT_COLOR_NAME = AccentColor;
				CODE_SIGN_STYLE = Automatic;
				INFOPLIST_FILE = Flix/Info.plist;
				LD_RUNPATH_SEARCH_PATHS = (
					"$(inherited)",
					"@executable_path/Frameworks",
				);
				PRODUCT_BUNDLE_IDENTIFIER = com.codepath.Flix;
				PRODUCT_NAME = "$(TARGET_NAME)";
				SWIFT_VERSION = 5.0;
				TARGETED_DEVICE_FAMILY = "1,2";
			};
			name = Debug;
		};
		4947ACD125D071CA00E6B44A /* Release */ = {
			isa = XCBuildConfiguration;
			buildSettings = {
				ASSETCATALOG_COMPILER_APPICON_NAME = AppIcon;
				ASSETCATALOG_COMPILER_GLOBAL_ACCENT_COLOR_NAME = AccentColor;
				CODE_SIGN_STYLE = Automatic;
				INFOPLIST_FILE = Flix/Info.plist;
				LD_RUNPATH_SEARCH_PATHS = (
					"$(inherited)",
					"@executable_path/Frameworks",
				);
				PRODUCT_BUNDLE_IDENTIFIER = com.codepath.Flix;
				PRODUCT_NAME = "$(TARGET_NAME)";
				SWIFT_VERSION = 5.0;
				TARGETED_DEVICE_FAMILY = "1,2";
			};
			name = Release;
		};
		4947ACD325D071CA00E6B44A /* Debug */ = {
			isa = XCBuildConfiguration;
			buildSettings = {
				ALWAYS_EMBED_SWIFT_STANDARD_LIBRARIES = YES;
				BUNDLE_LOADER = "$(TEST_HOST)";
				CODE_SIGN_STYLE = Automatic;
				INFOPLIST_FILE = FlixTests/Info.plist;
				IPHONEOS_DEPLOYMENT_TARGET = 14.1;
				LD_RUNPATH_SEARCH_PATHS = (
					"$(inherited)",
					"@executable_path/Frameworks",
					"@loader_path/Frameworks",
				);
				PRODUCT_BUNDLE_IDENTIFIER = com.codepath.FlixTests;
				PRODUCT_NAME = "$(TARGET_NAME)";
				SWIFT_VERSION = 5.0;
				TARGETED_DEVICE_FAMILY = "1,2";
				TEST_HOST = "$(BUILT_PRODUCTS_DIR)/Flix.app/Flix";
			};
			name = Debug;
		};
		4947ACD425D071CA00E6B44A /* Release */ = {
			isa = XCBuildConfiguration;
			buildSettings = {
				ALWAYS_EMBED_SWIFT_STANDARD_LIBRARIES = YES;
				BUNDLE_LOADER = "$(TEST_HOST)";
				CODE_SIGN_STYLE = Automatic;
				INFOPLIST_FILE = FlixTests/Info.plist;
				IPHONEOS_DEPLOYMENT_TARGET = 14.1;
				LD_RUNPATH_SEARCH_PATHS = (
					"$(inherited)",
					"@executable_path/Frameworks",
					"@loader_path/Frameworks",
				);
				PRODUCT_BUNDLE_IDENTIFIER = com.codepath.FlixTests;
				PRODUCT_NAME = "$(TARGET_NAME)";
				SWIFT_VERSION = 5.0;
				TARGETED_DEVICE_FAMILY = "1,2";
				TEST_HOST = "$(BUILT_PRODUCTS_DIR)/Flix.app/Flix";
			};
			name = Release;
		};
		4947ACD625D071CA00E6B44A /* Debug */ = {
			isa = XCBuildConfiguration;
			buildSettings = {
				ALWAYS_EMBED_SWIFT_STANDARD_LIBRARIES = YES;
				CODE_SIGN_STYLE = Automatic;
				INFOPLIST_FILE = FlixUITests/Info.plist;
				LD_RUNPATH_SEARCH_PATHS = (
					"$(inherited)",
					"@executable_path/Frameworks",
					"@loader_path/Frameworks",
				);
				PRODUCT_BUNDLE_IDENTIFIER = com.codepath.FlixUITests;
				PRODUCT_NAME = "$(TARGET_NAME)";
				SWIFT_VERSION = 5.0;
				TARGETED_DEVICE_FAMILY = "1,2";
				TEST_TARGET_NAME = Flix;
			};
			name = Debug;
		};
		4947ACD725D071CA00E6B44A /* Release */ = {
			isa = XCBuildConfiguration;
			buildSettings = {
				ALWAYS_EMBED_SWIFT_STANDARD_LIBRARIES = YES;
				CODE_SIGN_STYLE = Automatic;
				INFOPLIST_FILE = FlixUITests/Info.plist;
				LD_RUNPATH_SEARCH_PATHS = (
					"$(inherited)",
					"@executable_path/Frameworks",
					"@loader_path/Frameworks",
				);
				PRODUCT_BUNDLE_IDENTIFIER = com.codepath.FlixUITests;
				PRODUCT_NAME = "$(TARGET_NAME)";
				SWIFT_VERSION = 5.0;
				TARGETED_DEVICE_FAMILY = "1,2";
				TEST_TARGET_NAME = Flix;
			};
			name = Release;
		};
/* End XCBuildConfiguration section */

/* Begin XCConfigurationList section */
		4947ACA025D071C700E6B44A /* Build configuration list for PBXProject "Flix" */ = {
			isa = XCConfigurationList;
			buildConfigurations = (
				4947ACCD25D071CA00E6B44A /* Debug */,
				4947ACCE25D071CA00E6B44A /* Release */,
			);
			defaultConfigurationIsVisible = 0;
			defaultConfigurationName = Release;
		};
		4947ACCF25D071CA00E6B44A /* Build configuration list for PBXNativeTarget "Flix" */ = {
			isa = XCConfigurationList;
			buildConfigurations = (
				4947ACD025D071CA00E6B44A /* Debug */,
				4947ACD125D071CA00E6B44A /* Release */,
			);
			defaultConfigurationIsVisible = 0;
			defaultConfigurationName = Release;
		};
		4947ACD225D071CA00E6B44A /* Build configuration list for PBXNativeTarget "FlixTests" */ = {
			isa = XCConfigurationList;
			buildConfigurations = (
				4947ACD325D071CA00E6B44A /* Debug */,
				4947ACD425D071CA00E6B44A /* Release */,
			);
			defaultConfigurationIsVisible = 0;
			defaultConfigurationName = Release;
		};
		4947ACD525D071CA00E6B44A /* Build configuration list for PBXNativeTarget "FlixUITests" */ = {
			isa = XCConfigurationList;
			buildConfigurations = (
				4947ACD625D071CA00E6B44A /* Debug */,
				4947ACD725D071CA00E6B44A /* Release */,
			);
			defaultConfigurationIsVisible = 0;
			defaultConfigurationName = Release;
		};
/* End XCConfigurationList section */
	};
	rootObject = 4947AC9D25D071C700E6B44A /* Project object */;
}
